# THIS IS AN AUTOGENERATED FILE. DO NOT EDIT THIS FILE DIRECTLY.
# yarn lockfile v1


"@lezer/common@^1.0.0":
  version "1.2.3"
  resolved "https://registry.npmjs.org/@lezer/common/-/common-1.2.3.tgz"
  integrity sha512-w7ojc8ejBqr2REPsWxJjrMFsA/ysDCFICn8zEOR9mrqzOu2amhITYuLD8ag6XZf0CFXDrhKqw7+tW8cX66NaDA==

"@lezer/lr@^1.0.0":
  version "1.4.2"
  resolved "https://registry.npmjs.org/@lezer/lr/-/lr-1.4.2.tgz"
  integrity sha512-pu0K1jCIdnQ12aWNaAVU5bzi7Bd1w54J3ECgANPmYLtQKP0HBj2cE/5coBD66MT10xbtIuUr7tg0Shbsvk0mDA==
  dependencies:
    "@lezer/common" "^1.0.0"

"@mischnic/json-sourcemap@^0.1.0":
  version "0.1.1"
  resolved "https://registry.npmjs.org/@mischnic/json-sourcemap/-/json-sourcemap-0.1.1.tgz"
  integrity sha512-iA7+tyVqfrATAIsIRWQG+a7ZLLD0VaOCKV2Wd/v4mqIU3J9c4jx9p7S0nw1XH3gJCKNBOOwACOPYYSUu9pgT+w==
  dependencies:
    "@lezer/common" "^1.0.0"
    "@lezer/lr" "^1.0.0"
    json5 "^2.2.1"

"@parcel/codeframe@2.14.1":
  version "2.14.1"
  resolved "https://registry.npmjs.org/@parcel/codeframe/-/codeframe-2.14.1.tgz"
  integrity sha512-n5IdtgxuukSTJ5/fq/69S5Rm9KBSg/dhpE4oRkyUEtkgEwTLpG2c6rmYtWem1yGIc80Z4BRvP9vgmYAEHHXSwA==
  dependencies:
    chalk "^4.1.2"

"@parcel/diagnostic@2.14.1":
  version "2.14.1"
  resolved "https://registry.npmjs.org/@parcel/diagnostic/-/diagnostic-2.14.1.tgz"
  integrity sha512-1miPY3EFMlaRRXEEi9kqqVih8jxCIrmpeQTgnFcamX7TypAlGKaFjn0FTOYL1FXexVHETiVFzmNOWVe+EUJF6A==
  dependencies:
    "@mischnic/json-sourcemap" "^0.1.0"
    nullthrows "^1.1.1"

"@parcel/events@2.14.1":
  version "2.14.1"
  resolved "https://registry.npmjs.org/@parcel/events/-/events-2.14.1.tgz"
  integrity sha512-DG4xxp1x/ky7aHbz2GpwPBAkbI4pTfEWGukXh6bTyp/8TJl6LHvQxZkNszBoOwPF+D9vKH+Cm1ZS+iLX1HCnaA==

"@parcel/feature-flags@2.14.1":
  version "2.14.1"
  resolved "https://registry.npmjs.org/@parcel/feature-flags/-/feature-flags-2.14.1.tgz"
  integrity sha512-SiFWEONfIIM42+J4IFQnAgVOuqOPqZLc+6kHX8bmSBYAA6PVkwfjI8GVwcFm0qzo9HYylwuHwzrAdByv5FFodA==

"@parcel/fs@2.14.1":
  version "2.14.1"
  resolved "https://registry.npmjs.org/@parcel/fs/-/fs-2.14.1.tgz"
  integrity sha512-qLKjKdE+8d+HycrUSbWf2pLmfi2g4p23HkEMwxOPnbu+OQ9deyrODbfhMNVQNSGDztNDjw53YF4+c5Y+DCtXUw==
  dependencies:
    "@parcel/feature-flags" "2.14.1"
    "@parcel/rust" "2.14.1"
    "@parcel/types-internal" "2.14.1"
    "@parcel/utils" "2.14.1"
    "@parcel/watcher" "^2.0.7"
    "@parcel/workers" "2.14.1"

"@parcel/logger@2.14.1":
  version "2.14.1"
  resolved "https://registry.npmjs.org/@parcel/logger/-/logger-2.14.1.tgz"
  integrity sha512-jksQTCuVW7HWB75HShnliGs+lwbirv9ajCQtEwtOMFlZMCEplu0Pp6GxNG467r9EWzCf55yGwnZw7F6Fs1Oqgg==
  dependencies:
    "@parcel/diagnostic" "2.14.1"
    "@parcel/events" "2.14.1"

"@parcel/markdown-ansi@2.14.1":
  version "2.14.1"
  resolved "https://registry.npmjs.org/@parcel/markdown-ansi/-/markdown-ansi-2.14.1.tgz"
  integrity sha512-cxeM6w9861HTMuxEhhPDznCwPd/MxbIJpqp5z9E8+L3Syso0qa7ot5z5Lm3DSfDVh0Dnpi7srC8QpJkOqCl4yw==
  dependencies:
    chalk "^4.1.2"

"@parcel/node-resolver-core@3.5.1":
  version "3.5.1"
  resolved "https://registry.npmjs.org/@parcel/node-resolver-core/-/node-resolver-core-3.5.1.tgz"
  integrity sha512-FiZUbTmEfoWIRKYmmx2baPlusIdW9gKPRowXp+YWb436aFxbk06rf8pS4uCkODN61RZEg6WPHOo0rLVcylbOSw==
  dependencies:
    "@mischnic/json-sourcemap" "^0.1.0"
    "@parcel/diagnostic" "2.14.1"
    "@parcel/fs" "2.14.1"
    "@parcel/rust" "2.14.1"
    "@parcel/utils" "2.14.1"
    nullthrows "^1.1.1"
    semver "^7.5.2"

"@parcel/packager-react-static@^2.14.0", "@parcel/packager-react-static@2.14.1":
  version "2.14.1"
  resolved "https://registry.npmjs.org/@parcel/packager-react-static/-/packager-react-static-2.14.1.tgz"
  integrity sha512-dDPQ4xFSZ1XEirqhYimexmtOH6KBhw0bPRinNtpZak6iKOmNbg65LwDayBDMKQyU4wOvXjMh1Psr+5APQ0fDRw==
  dependencies:
    "@parcel/node-resolver-core" "3.5.1"
    "@parcel/plugin" "2.14.1"
    "@parcel/rust" "2.14.1"
    "@parcel/types" "2.14.1"
    "@parcel/utils" "2.14.1"
    nullthrows "^1.1.1"
    rsc-html-stream "^0.0.4"

"@parcel/plugin@2.14.1":
  version "2.14.1"
  resolved "https://registry.npmjs.org/@parcel/plugin/-/plugin-2.14.1.tgz"
  integrity sha512-zWqQF+YnCNjOd1lc2nWWdjhr6zNJGV1WFE05W3WSJgyfyes8s4HB0FzShTqJ+R9FQdmYWPmRuxO8hC3lwLSQDg==
  dependencies:
    "@parcel/types" "2.14.1"

"@parcel/profiler@2.14.1":
  version "2.14.1"
  resolved "https://registry.npmjs.org/@parcel/profiler/-/profiler-2.14.1.tgz"
  integrity sha512-qrR+RqXfF1IXJdddMoJaAhFnl6pen1CBoobP8p78pZ2SAefo8gyXnTG4Kgr6ff0VJER03U7o0bL1dI9ooHHhDA==
  dependencies:
    "@parcel/diagnostic" "2.14.1"
    "@parcel/events" "2.14.1"
    "@parcel/types-internal" "2.14.1"
    chrome-trace-event "^1.0.2"

"@parcel/rsc@^2.14.0":
  version "2.14.0"
  resolved "https://registry.npmjs.org/@parcel/rsc/-/rsc-2.14.0.tgz"
  integrity sha512-0mc/f6GwHC+GeJR2RBHcorQMdkxJ+slWyB/j1UkPx2RTb17tBSSG6eWp3O2qfpJPHK8qAtgLYE2xIo1hN7YpMg==
  dependencies:
    react-server-dom-parcel canary
    rsc-html-stream "^0.0.4"

"@parcel/rust@2.14.1":
  version "2.14.1"
  resolved "https://registry.npmjs.org/@parcel/rust/-/rust-2.14.1.tgz"
  integrity sha512-BGFV+bS72zlzaHQAEobm/9shcW+lvQb0rAdmJJg2C3lGlqeaGks+iEIkH0wHTFzJJ1MpKgew7I3k096La0CjTw==

"@parcel/source-map@^2.1.1":
  version "2.1.1"
  resolved "https://registry.npmjs.org/@parcel/source-map/-/source-map-2.1.1.tgz"
  integrity sha512-Ejx1P/mj+kMjQb8/y5XxDUn4reGdr+WyKYloBljpppUy8gs42T+BNoEOuRYqDVdgPc6NxduzIDoJS9pOFfV5Ew==
  dependencies:
    detect-libc "^1.0.3"

"@parcel/transformer-react-static@^2.14.0", "@parcel/transformer-react-static@2.14.1":
  version "2.14.1"
  resolved "https://registry.npmjs.org/@parcel/transformer-react-static/-/transformer-react-static-2.14.1.tgz"
  integrity sha512-nYgvqvToAyuRYpLA1X0VwqnoHqFOIGMpRGsMl2xBIOu5v7UODHChMc1G2vvT0S+6KL0aPytXA1jpfNbRRcXdbg==
  dependencies:
    "@parcel/plugin" "2.14.1"

"@parcel/types-internal@2.14.1":
  version "2.14.1"
  resolved "https://registry.npmjs.org/@parcel/types-internal/-/types-internal-2.14.1.tgz"
  integrity sha512-oBQfuUrNSx9ZB8HpHpMr3y0SRst5NKIsYlzx8uwHlt8A3c/4PS+apI6jamyt905grdCOpZYhNls+pY1HmhAtRA==
  dependencies:
    "@parcel/diagnostic" "2.14.1"
    "@parcel/feature-flags" "2.14.1"
    "@parcel/source-map" "^2.1.1"
    utility-types "^3.10.0"

"@parcel/types@2.14.1":
  version "2.14.1"
  resolved "https://registry.npmjs.org/@parcel/types/-/types-2.14.1.tgz"
  integrity sha512-qlF96JPNYAwApUxcLEXDH5YJDQLQJsEVXNYTHXSaXR0qDybaCmo5104BcAU4R7Czic5NhGhFBScVvtwTyW2Vqg==
  dependencies:
    "@parcel/types-internal" "2.14.1"
    "@parcel/workers" "2.14.1"

"@parcel/utils@2.14.1":
  version "2.14.1"
  resolved "https://registry.npmjs.org/@parcel/utils/-/utils-2.14.1.tgz"
  integrity sha512-1178E3Dw6CjEeq6oyOfs/rNfceCQ2t4qKGpiPXGV//3k/ZDEwT4VR/f0FS0S6T1EMePrp0E0KAMQ9Zz0vrHhIA==
  dependencies:
    "@parcel/codeframe" "2.14.1"
    "@parcel/diagnostic" "2.14.1"
    "@parcel/logger" "2.14.1"
    "@parcel/markdown-ansi" "2.14.1"
    "@parcel/rust" "2.14.1"
    "@parcel/source-map" "^2.1.1"
    chalk "^4.1.2"
    nullthrows "^1.1.1"

"@parcel/watcher-darwin-arm64@2.5.1":
  version "2.5.1"
  resolved "https://registry.npmjs.org/@parcel/watcher-darwin-arm64/-/watcher-darwin-arm64-2.5.1.tgz"
  integrity sha512-eAzPv5osDmZyBhou8PoF4i6RQXAfeKL9tjb3QzYuccXFMQU0ruIc/POh30ePnaOyD1UXdlKguHBmsTs53tVoPw==

"@parcel/watcher@^2.0.7":
  version "2.5.1"
  resolved "https://registry.npmjs.org/@parcel/watcher/-/watcher-2.5.1.tgz"
  integrity sha512-dfUnCxiN9H4ap84DvD2ubjw+3vUNpstxa0TneY/Paat8a3R4uQZDLSvWjmznAY/DoahqTHl9V46HF/Zs3F29pg==
  dependencies:
    detect-libc "^1.0.3"
    is-glob "^4.0.3"
    micromatch "^4.0.5"
    node-addon-api "^7.0.0"
  optionalDependencies:
    "@parcel/watcher-android-arm64" "2.5.1"
    "@parcel/watcher-darwin-arm64" "2.5.1"
    "@parcel/watcher-darwin-x64" "2.5.1"
    "@parcel/watcher-freebsd-x64" "2.5.1"
    "@parcel/watcher-linux-arm-glibc" "2.5.1"
    "@parcel/watcher-linux-arm-musl" "2.5.1"
    "@parcel/watcher-linux-arm64-glibc" "2.5.1"
    "@parcel/watcher-linux-arm64-musl" "2.5.1"
    "@parcel/watcher-linux-x64-glibc" "2.5.1"
    "@parcel/watcher-linux-x64-musl" "2.5.1"
    "@parcel/watcher-win32-arm64" "2.5.1"
    "@parcel/watcher-win32-ia32" "2.5.1"
    "@parcel/watcher-win32-x64" "2.5.1"

"@parcel/workers@2.14.1":
  version "2.14.1"
  resolved "https://registry.npmjs.org/@parcel/workers/-/workers-2.14.1.tgz"
  integrity sha512-i0mui7kSLAPT0B0/5+YUjbP38F8e8C5QDVritAW1lbRe5XCqkvO+nU4PRsjyP5mvXVhoFVCe7UycbD2D/lrogA==
  dependencies:
    "@parcel/diagnostic" "2.14.1"
    "@parcel/logger" "2.14.1"
    "@parcel/profiler" "2.14.1"
    "@parcel/types-internal" "2.14.1"
    "@parcel/utils" "2.14.1"
    nullthrows "^1.1.1"

ansi-styles@^4.1.0:
  version "4.3.0"
  resolved "https://registry.npmjs.org/ansi-styles/-/ansi-styles-4.3.0.tgz"
  integrity sha512-zbB9rCJAT1rbjiVDb2hqKFHNYLxgtk8NURxZ3IZwD3F6NtxbXZQCnnSi1Lkx+IDohdPlFp222wVALIheZJQSEg==
  dependencies:
    color-convert "^2.0.1"

braces@^3.0.3:
  version "3.0.3"
  resolved "https://registry.npmjs.org/braces/-/braces-3.0.3.tgz"
  integrity sha512-yQbXgO/OSZVD2IsiLlro+7Hf6Q18EJrKSEsdoMzKePKXct3gvD8oLcOQdIzGupr5Fj+EDe8gO/lxc1BzfMpxvA==
  dependencies:
    fill-range "^7.1.1"

chalk@^4.1.2:
  version "4.1.2"
  resolved "https://registry.npmjs.org/chalk/-/chalk-4.1.2.tgz"
  integrity sha512-oKnbhFyRIXpUuez8iBMmyEa4nbj4IOQyuhc/wy9kY7/WVPcwIO9VA668Pu8RkO7+0G76SLROeyw9CpQ061i4mA==
  dependencies:
    ansi-styles "^4.1.0"
    supports-color "^7.1.0"

chrome-trace-event@^1.0.2:
  version "1.0.4"
  resolved "https://registry.npmjs.org/chrome-trace-event/-/chrome-trace-event-1.0.4.tgz"
  integrity sha512-rNjApaLzuwaOTjCiT8lSDdGN1APCiqkChLMJxJPWLunPAt5fy8xgU9/jNOchV84wfIxrA0lRQB7oCT8jrn/wrQ==

color-convert@^2.0.1:
  version "2.0.1"
  resolved "https://registry.npmjs.org/color-convert/-/color-convert-2.0.1.tgz"
  integrity sha512-RRECPsj7iu/xb5oKYcsFHSppFNnsj/52OVTRKb4zP5onXwVF3zVmmToNcOfGC+CRDpfK/U584fMg38ZHCaElKQ==
  dependencies:
    color-name "~1.1.4"

color-name@~1.1.4:
  version "1.1.4"
  resolved "https://registry.npmjs.org/color-name/-/color-name-1.1.4.tgz"
  integrity sha512-dOy+3AuW3a2wNbZHIuMZpTcgjGuLU/uBL/ubcZF9OXbDo8ff4O8yVp5Bf0efS8uEoYo5q4Fx7dY9OgQGXgAsQA==

detect-libc@^1.0.3:
  version "1.0.3"
  resolved "https://registry.npmjs.org/detect-libc/-/detect-libc-1.0.3.tgz"
  integrity sha512-pGjwhsmsp4kL2RTz08wcOlGN83otlqHeD/Z5T8GXZB+/YcpQ/dgo+lbU8ZsGxV0HIvqqxo9l7mqYwyYMD9bKDg==

fill-range@^7.1.1:
  version "7.1.1"
  resolved "https://registry.npmjs.org/fill-range/-/fill-range-7.1.1.tgz"
  integrity sha512-YsGpe3WHLK8ZYi4tWDg2Jy3ebRz2rXowDxnld4bkQB00cc/1Zw9AWnC0i9ztDJitivtQvaI9KaLyKrc+hBW0yg==
  dependencies:
    to-regex-range "^5.0.1"

has-flag@^4.0.0:
  version "4.0.0"
  resolved "https://registry.npmjs.org/has-flag/-/has-flag-4.0.0.tgz"
  integrity sha512-EykJT/Q1KjTWctppgIAgfSO0tKVuZUjhgMr17kqTumMl6Afv3EISleU7qZUzoXDFTAHTDC4NOoG/ZxU3EvlMPQ==

is-extglob@^2.1.1:
  version "2.1.1"
  resolved "https://registry.npmjs.org/is-extglob/-/is-extglob-2.1.1.tgz"
  integrity sha512-SbKbANkN603Vi4jEZv49LeVJMn4yGwsbzZworEoyEiutsN3nJYdbO36zfhGJ6QEDpOZIFkDtnq5JRxmvl3jsoQ==

is-glob@^4.0.3:
  version "4.0.3"
  resolved "https://registry.npmjs.org/is-glob/-/is-glob-4.0.3.tgz"
  integrity sha512-xelSayHH36ZgE7ZWhli7pW34hNbNl8Ojv5KVmkJD4hBdD3th8Tfk9vYasLM+mXWOZhFkgZfxhLSnrwRr4elSSg==
  dependencies:
    is-extglob "^2.1.1"

is-number@^7.0.0:
  version "7.0.0"
  resolved "https://registry.npmjs.org/is-number/-/is-number-7.0.0.tgz"
  integrity sha512-41Cifkg6e8TylSpdtTpeLVMqvSBEVzTttHvERD741+pnZ8ANv0004MRL43QKPDlK9cGvNp6NZWZUBlbGXYxxng==

json5@^2.2.1:
  version "2.2.3"
  resolved "https://registry.npmjs.org/json5/-/json5-2.2.3.tgz"
  integrity sha512-XmOWe7eyHYH14cLdVPoyg+GOH3rYX++KpzrylJwSW98t3Nk+U8XOl8FWKOgwtzdb8lXGf6zYwDUzeHMWfxasyg==

micromatch@^4.0.5:
  version "4.0.8"
  resolved "https://registry.npmjs.org/micromatch/-/micromatch-4.0.8.tgz"
  integrity sha512-PXwfBhYu0hBCPw8Dn0E+WDYb7af3dSLVWKi3HGv84IdF4TyFoC0ysxFd0Goxw7nSv4T/PzEJQxsYsEiFCKo2BA==
  dependencies:
    braces "^3.0.3"
    picomatch "^2.3.1"

node-addon-api@^7.0.0:
  version "7.1.1"
  resolved "https://registry.npmjs.org/node-addon-api/-/node-addon-api-7.1.1.tgz"
  integrity sha512-5m3bsyrjFWE1xf7nz7YXdN4udnVtXK6/Yfgn5qnahL6bCkf2yKt4k3nuTKAtT4r3IG8JNR2ncsIMdZuAzJjHQQ==

nullthrows@^1.1.1:
  version "1.1.1"
  resolved "https://registry.npmjs.org/nullthrows/-/nullthrows-1.1.1.tgz"
  integrity sha512-2vPPEi+Z7WqML2jZYddDIfy5Dqb0r2fze2zTxNNknZaFpVHU3mFB3R+DWeJWGVx0ecvttSGlJTI+WG+8Z4cDWw==

"parcel-rsc-static@file:/Users/richardpoelderl/rsc-examples/examples/static":
  version "0.0.0"
  resolved "file:examples/static"
  dependencies:
    "@parcel/rsc" "^2.14.0"
    react canary
    react-dom canary

picomatch@^2.3.1:
  version "2.3.1"
  resolved "https://registry.npmjs.org/picomatch/-/picomatch-2.3.1.tgz"
  integrity sha512-JU3teHTNjmE2VCGFzuY8EXzCDVwEqB2a8fsIvwaStHhAWJEeVd1o1QD80CU6+ZdEXXSLbSsuLwJjkCBWqRQUVA==

react-dom@canary:
  version "19.1.0-canary-fbcda19a-20250317"
  resolved "https://registry.npmjs.org/react-dom/-/react-dom-19.1.0-canary-fbcda19a-20250317.tgz"
  integrity sha512-DT1QLojyj5jkiwrsXt5bzyJQ9Tx2Zd/a0PoWPZOIj8IQUFLp+Jb13RphMides0D4IFskY7koA5P/3IJIsAJQ4w==
  dependencies:
    scheduler "0.26.0-canary-fbcda19a-20250317"

react-server-dom-parcel@canary:
  version "19.1.0-canary-fbcda19a-20250317"
  resolved "https://registry.npmjs.org/react-server-dom-parcel/-/react-server-dom-parcel-19.1.0-canary-fbcda19a-20250317.tgz"
  integrity sha512-D2pHVwPbIi5i/wSQjbCssWZ/9sBxCZ97p9X03rYUMAy5rLWGlma9j+GhiAbHEJs75kQ39nadVzzwrF3Wqh1R0g==

react@canary:
  version "19.1.0-canary-fbcda19a-20250317"
  resolved "https://registry.npmjs.org/react/-/react-19.1.0-canary-fbcda19a-20250317.tgz"
  integrity sha512-ZaqJ2IZvNMPkUKKRcQEfR/JAJOmh01M7/UgH/b4Iu5x/rrv4W0j9S7fPK+65bogmXqc1RJKy70MGD2/0OTpM+A==

rsc-html-stream@^0.0.4:
  version "0.0.4"
  resolved "https://registry.npmjs.org/rsc-html-stream/-/rsc-html-stream-0.0.4.tgz"
  integrity sha512-1isiXIrlTI/vRLTvS3O4fMrO9qIHje1FSphufrIV5QfzHUgBDCZFwP9b8+rH63nbhxtcKTqfyziwM+2khfX0Uw==

scheduler@0.26.0-canary-fbcda19a-20250317:
  version "0.26.0-canary-fbcda19a-20250317"
  resolved "https://registry.npmjs.org/scheduler/-/scheduler-0.26.0-canary-fbcda19a-20250317.tgz"
  integrity sha512-675j4iIeY9twXfYzjdLZhesxH1BGI5rfWCxOC7S6mdwoM+jx3hS0l7wdYmrwMLeyPFlGFvn7LQWkwYlz++pLtA==

semver@^7.5.2:
  version "7.7.1"
  resolved "https://registry.npmjs.org/semver/-/semver-7.7.1.tgz"
  integrity sha512-hlq8tAfn0m/61p4BVRcPzIGr6LKiMwo4VM6dGi6pt4qcRkmNzTcWq6eCEjEh+qXjkMDvPlOFFSGwQjoEa6gyMA==

supports-color@^7.1.0:
  version "7.2.0"
  resolved "https://registry.npmjs.org/supports-color/-/supports-color-7.2.0.tgz"
  integrity sha512-qpCAvRl9stuOHveKsn7HncJRvv501qIacKzQlO/+Lwxc9+0q2wLyv4Dfvt80/DPn2pqOBsJdDiogXGR9+OvwRw==
  dependencies:
    has-flag "^4.0.0"

to-regex-range@^5.0.1:
  version "5.0.1"
  resolved "https://registry.npmjs.org/to-regex-range/-/to-regex-range-5.0.1.tgz"
  integrity sha512-65P7iz6X5yEr1cwcgvQxbbIw7Uk3gOy5dIdtZ4rDveLqhrdJP+Li/Hx6tyK0NEb+2GCyneCMJiGqrADCSNk8sQ==
  dependencies:
    is-number "^7.0.0"

utility-types@^3.10.0:
  version "3.11.0"
  resolved "https://registry.npmjs.org/utility-types/-/utility-types-3.11.0.tgz"
  integrity sha512-6Z7Ma2aVEWisaL6TvBCy7P8rm2LQoPv6dJ7ecIaIixHcwfbJ0x7mWdbcwlIM5IGQxPZSFYeqRCqlOOeKoJYMkw==
